// !$*UTF8*$!
{
	archiveVersion = 1;
	classes = {
	};
	objectVersion = 46;
	objects = {

/* Begin PBXBuildFile section */
		405D170D1CAB7683008BE4CA /* main.m in Sources */ = {isa = PBXBuildFile; fileRef = 405D170C1CAB7683008BE4CA /* main.m */; };
		405D17101CAB7683008BE4CA /* AppDelegate.m in Sources */ = {isa = PBXBuildFile; fileRef = 405D170F1CAB7683008BE4CA /* AppDelegate.m */; };
		405D17131CAB7683008BE4CA /* ViewController.m in Sources */ = {isa = PBXBuildFile; fileRef = 405D17121CAB7683008BE4CA /* ViewController.m */; };
		405D17161CAB7683008BE4CA /* Main.storyboard in Resources */ = {isa = PBXBuildFile; fileRef = 405D17141CAB7683008BE4CA /* Main.storyboard */; };
		405D17181CAB7683008BE4CA /* Assets.xcassets in Resources */ = {isa = PBXBuildFile; fileRef = 405D17171CAB7683008BE4CA /* Assets.xcassets */; };
		405D171B1CAB7683008BE4CA /* LaunchScreen.storyboard in Resources */ = {isa = PBXBuildFile; fileRef = 405D17191CAB7683008BE4CA /* LaunchScreen.storyboard */; };
		405D17241CAB76C6008BE4CA /* SCAlertViewController.m in Sources */ = {isa = PBXBuildFile; fileRef = 405D17231CAB76C6008BE4CA /* SCAlertViewController.m */; };
/* End PBXBuildFile section */

/* Begin PBXFileReference section */
		405D17081CAB7683008BE4CA /* SCAlertViewController.app */ = {isa = PBXFileReference; explicitFileType = wrapper.application; includeInIndex = 0; path = SCAlertViewController.app; sourceTree = BUILT_PRODUCTS_DIR; };
		405D170C1CAB7683008BE4CA /* main.m */ = {isa = PBXFileReference; lastKnownFileType = sourcecode.c.objc; path = main.m; sourceTree = "<group>"; };
		405D170E1CAB7683008BE4CA /* AppDelegate.h */ = {isa = PBXFileReference; lastKnownFileType = sourcecode.c.h; path = AppDelegate.h; sourceTree = "<group>"; };
		405D170F1CAB7683008BE4CA /* AppDelegate.m */ = {isa = PBXFileReference; lastKnownFileType = sourcecode.c.objc; path = AppDelegate.m; sourceTree = "<group>"; };
		405D17111CAB7683008BE4CA /* ViewController.h */ = {isa = PBXFileReference; lastKnownFileType = sourcecode.c.h; path = ViewController.h; sourceTree = "<group>"; };
		405D17121CAB7683008BE4CA /* ViewController.m */ = {isa = PBXFileReference; lastKnownFileType = sourcecode.c.objc; path = ViewController.m; sourceTree = "<group>"; };
		405D17151CAB7683008BE4CA /* Base */ = {isa = PBXFileReference; lastKnownFileType = file.storyboard; name = Base; path = Base.lproj/Main.storyboard; sourceTree = "<group>"; };
		405D17171CAB7683008BE4CA /* Assets.xcassets */ = {isa = PBXFileReference; lastKnownFileType = folder.assetcatalog; path = Assets.xcassets; sourceTree = "<group>"; };
		405D171A1CAB7683008BE4CA /* Base */ = {isa = PBXFileReference; lastKnownFileType = file.storyboard; name = Base; path = Base.lproj/LaunchScreen.storyboard; sourceTree = "<group>"; };
		405D171C1CAB7683008BE4CA /* Info.plist */ = {isa = PBXFileReference; lastKnownFileType = text.plist.xml; path = Info.plist; sourceTree = "<group>"; };
		405D17221CAB76C6008BE4CA /* SCAlertViewController.h */ = {isa = PBXFileReference; fileEncoding = 4; lastKnownFileType = sourcecode.c.h; path = SCAlertViewController.h; sourceTree = "<group>"; };
		405D17231CAB76C6008BE4CA /* SCAlertViewController.m */ = {isa = PBXFileReference; fileEncoding = 4; lastKnownFileType = sourcecode.c.objc; path = SCAlertViewController.m; sourceTree = "<group>"; };
/* End PBXFileReference section */

/* Begin PBXFrameworksBuildPhase section */
		405D17051CAB7683008BE4CA /* Frameworks */ = {
			isa = PBXFrameworksBuildPhase;
			buildActionMask = 2147483647;
			files = (
			);
			runOnlyForDeploymentPostprocessing = 0;
		};
/* End PBXFrameworksBuildPhase section */

/* Begin PBXGroup section */
		405D16FF1CAB7683008BE4CA = {
			isa = PBXGroup;
			children = (
				405D170A1CAB7683008BE4CA /* SCAlertViewController */,
				405D17091CAB7683008BE4CA /* Products */,
			);
			sourceTree = "<group>";
		};
		405D17091CAB7683008BE4CA /* Products */ = {
			isa = PBXGroup;
			children = (
				405D17081CAB7683008BE4CA /* SCAlertViewController.app */,
			);
			name = Products;
			sourceTree = "<group>";
		};
		405D170A1CAB7683008BE4CA /* SCAlertViewController */ = {
			isa = PBXGroup;
			children = (
				405D170E1CAB7683008BE4CA /* AppDelegate.h */,
				405D170F1CAB7683008BE4CA /* AppDelegate.m */,
				405D17221CAB76C6008BE4CA /* SCAlertViewController.h */,
				405D17231CAB76C6008BE4CA /* SCAlertViewController.m */,
				405D17111CAB7683008BE4CA /* ViewController.h */,
				405D17121CAB7683008BE4CA /* ViewController.m */,
				405D17141CAB7683008BE4CA /* Main.storyboard */,
				405D17171CAB7683008BE4CA /* Assets.xcassets */,
				405D17191CAB7683008BE4CA /* LaunchScreen.storyboard */,
				405D171C1CAB7683008BE4CA /* Info.plist */,
				405D170B1CAB7683008BE4CA /* Supporting Files */,
			);
			path = SCAlertViewController;
			sourceTree = "<group>";
		};
		405D170B1CAB7683008BE4CA /* Supporting Files */ = {
			isa = PBXGroup;
			children = (
				405D170C1CAB7683008BE4CA /* main.m */,
			);
			name = "Supporting Files";
			sourceTree = "<group>";
		};
/* End PBXGroup section */

/* Begin PBXNativeTarget section */
		405D17071CAB7683008BE4CA /* SCAlertViewController */ = {
			isa = PBXNativeTarget;
			buildConfigurationList = 405D171F1CAB7683008BE4CA /* Build configuration list for PBXNativeTarget "SCAlertViewController" */;
			buildPhases = (
				405D17041CAB7683008BE4CA /* Sources */,
				405D17051CAB7683008BE4CA /* Frameworks */,
				405D17061CAB7683008BE4CA /* Resources */,
			);
			buildRules = (
			);
			dependencies = (
			);
			name = SCAlertViewController;
			productName = SCAlertViewController;
			productReference = 405D17081CAB7683008BE4CA /* SCAlertViewController.app */;
			productType = "com.apple.product-type.application";
		};
/* End PBXNativeTarget section */

/* Begin PBXProject section */
		405D17001CAB7683008BE4CA /* Project object */ = {
			isa = PBXProject;
			attributes = {
				LastUpgradeCheck = 0730;
				ORGANIZATIONNAME = ZSC;
				TargetAttributes = {
					405D17071CAB7683008BE4CA = {
						CreatedOnToolsVersion = 7.3;
						DevelopmentTeam = 48N4T3ULER;
					};
				};
			};
			buildConfigurationList = 405D17031CAB7683008BE4CA /* Build configuration list for PBXProject "SCAlertViewController" */;
			compatibilityVersion = "Xcode 3.2";
			developmentRegion = English;
			hasScannedForEncodings = 0;
			knownRegions = (
				en,
				Base,
			);
			mainGroup = 405D16FF1CAB7683008BE4CA;
			productRefGroup = 405D17091CAB7683008BE4CA /* Products */;
			projectDirPath = "";
			projectRoot = "";
			targets = (
				405D17071CAB7683008BE4CA /* SCAlertViewController */,
			);
		};
/* End PBXProject section */

/* Begin PBXResourcesBuildPhase section */
		405D17061CAB7683008BE4CA /* Resources */ = {
			isa = PBXResourcesBuildPhase;
			buildActionMask = 2147483647;
			files = (
				405D171B1CAB7683008BE4CA /* LaunchScreen.storyboard in Resources */,
				405D17181CAB7683008BE4CA /* Assets.xcassets in Resources */,
				405D17161CAB7683008BE4CA /* Main.storyboard in Resources */,
			);
			runOnlyForDeploymentPostprocessing = 0;
		};
/* End PBXResourcesBuildPhase section */

/* Begin PBXSourcesBuildPhase section */
		405D17041CAB7683008BE4CA /* Sources */ = {
			isa = PBXSourcesBuildPhase;
			buildActionMask = 2147483647;
			files = (
				405D17131CAB7683008BE4CA /* ViewController.m in Sources */,
				405D17101CAB7683008BE4CA /* AppDelegate.m in Sources */,
				405D170D1CAB7683008BE4CA /* main.m in Sources */,
				405D17241CAB76C6008BE4CA /* SCAlertViewController.m in Sources */,
			);
			runOnlyForDeploymentPostprocessing = 0;
		};
/* End PBXSourcesBuildPhase section */

/* Begin PBXVariantGroup section */
		405D17141CAB7683008BE4CA /* Main.storyboard */ = {
			isa = PBXVariantGroup;
			children = (
				405D17151CAB7683008BE4CA /* Base */,
			);
			name = Main.storyboard;
			sourceTree = "<group>";
		};
		405D17191CAB7683008BE4CA /* LaunchScreen.storyboard */ = {
			isa = PBXVariantGroup;
			children = (
				405D171A1CAB7683008BE4CA /* Base */,
			);
			name = LaunchScreen.storyboard;
			sourceTree = "<group>";
		};
/* End PBXVariantGroup section */

/* Begin XCBuildConfiguration section */
		405D171D1CAB7683008BE4CA /* Debug */ = {
			isa = XCBuildConfiguration;
			buildSettings = {
				ALWAYS_SEARCH_USER_PATHS = NO;
				CLANG_ANALYZER_NONNULL = YES;
				CLANG_CXX_LANGUAGE_STANDARD = "gnu++0x";
				CLANG_CXX_LIBRARY = "libc++";
				CLANG_ENABLE_MODULES = YES;
				CLANG_ENABLE_OBJC_ARC = YES;
				CLANG_WARN_BOOL_CONVERSION = YES;
				CLANG_WARN_CONSTANT_CONVERSION = YES;
				CLANG_WARN_DIRECT_OBJC_ISA_USAGE = YES_ERROR;
				CLANG_WARN_EMPTY_BODY = YES;
				CLANG_WARN_ENUM_CONVERSION = YES;
				CLANG_WARN_INT_CONVERSION = YES;
				CLANG_WARN_OBJC_ROOT_CLASS = YES_ERROR;
				CLANG_WARN_UNREACHABLE_CODE = YES;
				CLANG_WARN__DUPLICATE_METHOD_MATCH = YES;
				"CODE_SIGN_IDENTITY[sdk=iphoneos*]" = "iPhone Developer";
				COPY_PHASE_STRIP = NO;
				DEBUG_INFORMATION_FORMAT = dwarf;
				ENABLE_STRICT_OBJC_MSGSEND = YES;
				ENABLE_TESTABILITY = YES;
				GCC_C_LANGUAGE_STANDARD = gnu99;
				GCC_DYNAMIC_NO_PIC = NO;
				GCC_NO_COMMON_BLOCKS = YES;
				GCC_OPTIMIZATION_LEVEL = 0;
				GCC_PREPROCESSOR_DEFINITIONS = (
					"DEBUG=1",
					"$(inherited)",
				);
				GCC_WARN_64_TO_32_BIT_CONVERSION = YES;
				GCC_WARN_ABOUT_RETURN_TYPE = YES_ERROR;
				GCC_WARN_UNDECLARED_SELECTOR = YES;
				GCC_WARN_UNINITIALIZED_AUTOS = YES_AGGRESSIVE;
				GCC_WARN_UNUSED_FUNCTION = YES;
				GCC_WARN_UNUSED_VARIABLE = YES;
				IPHONEOS_DEPLOYMENT_TARGET = 9.3;
				MTL_ENABLE_DEBUG_INFO = YES;
				ONLY_ACTIVE_ARCH = YES;
				SDKROOT = iphoneos;
				TARGETED_DEVICE_FAMILY = "1,2";
			};
			name = Debug;
		};
		405D171E1CAB7683008BE4CA /* Release */ = {
			isa = XCBuildConfiguration;
			buildSettings = {
				ALWAYS_SEARCH_USER_PATHS = NO;
				CLANG_ANALYZER_NONNULL = YES;
				CLANG_CXX_LANGUAGE_STANDARD = "gnu++0x";
				CLANG_CXX_LIBRARY = "libc++";
				CLANG_ENABLE_MODULES = YES;
				CLANG_ENABLE_OBJC_ARC = YES;
				CLANG_WARN_BOOL_CONVERSION = YES;
				CLANG_WARN_CONSTANT_CONVERSION = YES;
				CLANG_WARN_DIRECT_OBJC_ISA_USAGE = YES_ERROR;
				CLANG_WARN_EMPTY_BODY = YES;
				CLANG_WARN_ENUM_CONVERSION = YES;
				CLANG_WARN_INT_CONVERSION = YES;
				CLANG_WARN_OBJC_ROOT_CLASS = YES_ERROR;
				CLANG_WARN_UNREACHABLE_CODE = YES;
				CLANG_WARN__DUPLICATE_METHOD_MATCH = YES;
				"CODE_SIGN_IDENTITY[sdk=iphoneos*]" = "iPhone Developer";
				COPY_PHASE_STRIP = NO;
				DEBUG_INFORMATION_FORMAT = "dwarf-with-dsym";
				ENABLE_NS_ASSERTIONS = NO;
				ENABLE_STRICT_OBJC_MSGSEND = YES;
				GCC_C_LANGUAGE_STANDARD = gnu99;
				GCC_NO_COMMON_BLOCKS = YES;
				GCC_WARN_64_TO_32_BIT_CONVERSION = YES;
				GCC_WARN_ABOUT_RETURN_TYPE = YES_ERROR;
				GCC_WARN_UNDECLARED_SELECTOR = YES;
				GCC_WARN_UNINITIALIZED_AUTOS = YES_AGGRESSIVE;
				GCC_WARN_UNUSED_FUNCTION = YES;
				GCC_WARN_UNUSED_VARIABLE = YES;
				IPHONEOS_DEPLOYMENT_TARGET = 9.3;
				MTL_ENABLE_DEBUG_INFO = NO;
				SDKROOT = iphoneos;
				TARGETED_DEVICE_FAMILY = "1,2";
				VALIDATE_PRODUCT = YES;
			};
			name = Release;
		};
		405D17201CAB7683008BE4CA /* Debug */ = {
			isa = XCBuildConfiguration;
			buildSettings = {
				ASSETCATALOG_COMPILER_APPICON_NAME = AppIcon;
				INFOPLIST_FILE = SCAlertViewController/Info.plist;
				LD_RUNPATH_SEARCH_PATHS = "$(inherited) @executable_path/Frameworks";
				PRODUCT_BUNDLE_IDENTIFIER = com.ZSC.SCAlertViewController;
				PRODUCT_NAME = "$(TARGET_NAME)";
			};
			name = Debug;
		};
		405D17211CAB7683008BE4CA /* Release */ = {
			isa = XCBuildConfiguration;
			buildSettings = {
				ASSETCATALOG_COMPILER_APPICON_NAME = AppIcon;
				INFOPLIST_FILE = SCAlertViewController/Info.plist;
				LD_RUNPATH_SEARCH_PATHS = "$(inherited) @executable_path/Frameworks";
				PRODUCT_BUNDLE_IDENTIFIER = com.ZSC.SCAlertViewController;
				PRODUCT_NAME = "$(TARGET_NAME)";
			};
			name = Release;
		};
/* End XCBuildConfiguration section */

/* Begin XCConfigurationList section */
		405D17031CAB7683008BE4CA /* Build configuration list for PBXProject "SCAlertViewController" */ = {
			isa = XCConfigurationList;
			buildConfigurations = (
				405D171D1CAB7683008BE4CA /* Debug */,
				405D171E1CAB7683008BE4CA /* Release */,
			);
			defaultConfigurationIsVisible = 0;
			defaultConfigurationName = Release;
		};
		405D171F1CAB7683008BE4CA /* Build configuration list for PBXNativeTarget "SCAlertViewController" */ = {
			isa = XCConfigurationList;
			buildConfigurations = (
				405D17201CAB7683008BE4CA /* Debug */,
				405D17211CAB7683008BE4CA /* Release */,
			);
			defaultConfigurationIsVisible = 0;
			defaultConfigurationName = Release;
		};
/* End XCConfigurationList section */
	};
	rootObject = 405D17001CAB7683008BE4CA /* Project object */;
}
